Microsoft Visual Studio Solution File, Format Version 12.00
# Visual Studio Version 17
VisualStudioVersion = 17.1.31911.260
MinimumVisualStudioVersion = 10.0.40219.1
Project("{00D1A9C2-B5F0-4AF3-8072-F6C62B433612}") = "AuctionhouseDatabase", "AuctionhouseDatabase\AuctionhouseDatabase.sqlproj", "{31D723E0-FB8D-4C1A-8200-68570D4ED3A8}"
EndProject
Project("{00D1A9C2-B5F0-4AF3-8072-F6C62B433612}") = "Test.AuctionhouseDatabase", "Test.AuctionhouseDatabase\Test.AuctionhouseDatabase.sqlproj", "{4DD3B832-93FD-4D4B-9CE7-D4AF44D182E3}"
	ProjectSection(ProjectDependencies) = postProject
		{31D723E0-FB8D-4C1A-8200-68570D4ED3A8} = {31D723E0-FB8D-4C1A-8200-68570D4ED3A8}
	EndProjectSection
EndProject
Project("{9A19103F-16F7-4668-BE54-9A1E7A4F7556}") = "Common.DomainFramework", "Core.DomainFramework\Common.DomainFramework.csproj", "{F7720E68-77D4-401B-B4C6-348CDC8DFB81}"
EndProject
Project("{9A19103F-16F7-4668-BE54-9A1E7A4F7556}") = "Test.AuctionBids_.Domain", "Test.AuctionBids.Domain\Test.AuctionBids_.Domain.csproj", "{0468B76C-CB81-40F0-B979-28A85D0B97D2}"
EndProject
Project("{9A19103F-16F7-4668-BE54-9A1E7A4F7556}") = "Test.UserPayments_.Domain", "Test.UserPayments.Domain\Test.UserPayments_.Domain.csproj", "{27B6DF0E-DF3B-4090-B7C8-2900D78ECC8D}"
EndProject
Project("{9A19103F-16F7-4668-BE54-9A1E7A4F7556}") = "Test.AuctionsDomain", "Test.Auctions.Domain\Test.AuctionsDomain.csproj", "{E4726A92-8E2A-4ED6-92F7-ACF7297946FB}"
EndProject
Project("{9A19103F-16F7-4668-BE54-9A1E7A4F7556}") = "Auctions.Domain", "Auctions.Domain\Auctions.Domain.csproj", "{7A73B27D-BD46-45E6-88C0-57E7D404C61A}"
EndProject
Project("{9A19103F-16F7-4668-BE54-9A1E7A4F7556}") = "AuctionBids.Domain", "AuctionBids.Domain\AuctionBids.Domain.csproj", "{5C9FEAB8-6B43-46BC-AFD5-92DC7B527DC5}"
EndProject
Project("{9A19103F-16F7-4668-BE54-9A1E7A4F7556}") = "Categories.Domain", "Categories.Domain\Categories.Domain.csproj", "{1CB32A4A-ADA3-4303-BEE7-BBD6975569B5}"
EndProject
Project("{9A19103F-16F7-4668-BE54-9A1E7A4F7556}") = "UserPayments.Domain", "UserPayments.Domain\UserPayments.Domain.csproj", "{E2DD0CC0-A7C7-4081-B4C1-C30F1243C0F1}"
EndProject
Project("{9A19103F-16F7-4668-BE54-9A1E7A4F7556}") = "Users.Domain", "Users.Domain\Users.Domain.csproj", "{D5F4529A-8809-48F8-9149-25BAF1D0AF42}"
EndProject
Project("{2150E333-8FDC-42A3-9474-1A3956D46DE8}") = "Users", "Users", "{171D635D-FE40-4BCF-B615-E372E96693F2}"
EndProject
Project("{2150E333-8FDC-42A3-9474-1A3956D46DE8}") = "Auctions", "Auctions", "{725AE30B-E139-4A1B-912D-E463DC4C6CE7}"
EndProject
Project("{2150E333-8FDC-42A3-9474-1A3956D46DE8}") = "AuctionBids", "AuctionBids", "{FC0CD23E-9DC9-4BA7-98B1-79C3FCC63FDF}"
EndProject
Project("{2150E333-8FDC-42A3-9474-1A3956D46DE8}") = "Categories", "Categories", "{FBCD4725-8EA6-45ED-80DC-EA06CD47027C}"
EndProject
Project("{2150E333-8FDC-42A3-9474-1A3956D46DE8}") = "UserPayments", "UserPayments", "{A82DE09D-91E6-4C6A-9341-F6ADE7800B7C}"
EndProject
Project("{2150E333-8FDC-42A3-9474-1A3956D46DE8}") = "Modules", "Modules", "{5F256B4F-B266-4FC7-AD43-28544B7AC3C6}"
EndProject
Project("{2150E333-8FDC-42A3-9474-1A3956D46DE8}") = "Adapters", "Adapters", "{2C7F9FB2-0106-45A8-8185-8B58DF359DE2}"
EndProject
Project("{9A19103F-16F7-4668-BE54-9A1E7A4F7556}") = "Adapter.QuartzTimeTaskService.AuctionEndScheduler", "QuartzTimeTaskService.AuctionEndScheduler\Adapter.QuartzTimeTaskService.AuctionEndScheduler.csproj", "{5EE29E8F-C7FE-430F-944E-1DBD210FD494}"
EndProject
Project("{9A19103F-16F7-4668-BE54-9A1E7A4F7556}") = "Auctions.Application", "Auctions.Application\Auctions.Application.csproj", "{C601EF06-7E1D-41DB-B97F-846265CD097D}"
EndProject
Project("{2150E333-8FDC-42A3-9474-1A3956D46DE8}") = "Common", "Common", "{9D788C3F-96DA-46AE-B5EB-02D4346DDF2C}"
EndProject
Project("{9A19103F-16F7-4668-BE54-9A1E7A4F7556}") = "Common.Application", "Common.Application\Common.Application.csproj", "{6B7A042C-590E-43FB-9D57-91FCC2E8CCA4}"
EndProject
Project("{9A19103F-16F7-4668-BE54-9A1E7A4F7556}") = "Auctions.DomainEvents", "Auctions.Domain.Events\Auctions.DomainEvents.csproj", "{D3BD7480-9F00-4E47-9142-D72BEE426533}"
EndProject
Project("{9A19103F-16F7-4668-BE54-9A1E7A4F7556}") = "Users.Application", "Users.Application\Users.Application.csproj", "{3462E35B-F8DA-4A77-B592-B21FE8C24F46}"
EndProject
Project("{9A19103F-16F7-4668-BE54-9A1E7A4F7556}") = "AuctionBids.Application", "AuctionBids.Application\AuctionBids.Application.csproj", "{C0479453-CAB2-4E87-84B7-456B1A190AD2}"
EndProject
Project("{9A19103F-16F7-4668-BE54-9A1E7A4F7556}") = "UserPayments.Application", "UserPayments.Application\UserPayments.Application.csproj", "{0E78327D-AE10-4765-B3DF-31B1272668C6}"
EndProject
Project("{9A19103F-16F7-4668-BE54-9A1E7A4F7556}") = "Test.Common.Application", "Test.Common.Application\Test.Common.Application.csproj", "{55EB0490-F686-436A-9B09-6862ABC6BD8E}"
EndProject
Project("{9A19103F-16F7-4668-BE54-9A1E7A4F7556}") = "Test.Auctions.Application", "Test.Auctions.Application\Test.Auctions.Application.csproj", "{17C3B8A2-8AC3-49CA-8537-CB1A34318BA8}"
EndProject
Project("{2150E333-8FDC-42A3-9474-1A3956D46DE8}") = "Tests", "Tests", "{042D36E8-EBEF-43FB-8B69-BF1169CCC1B3}"
EndProject
Project("{2150E333-8FDC-42A3-9474-1A3956D46DE8}") = "Tests", "Tests", "{8461F559-5101-4F0D-8E98-E1CFAEFA802C}"
EndProject
Project("{9A19103F-16F7-4668-BE54-9A1E7A4F7556}") = "AuctionBids.DomainEvents", "AuctionBids.DomainEvents\AuctionBids.DomainEvents.csproj", "{4E82E4C2-CA17-48E8-8E16-25281582C906}"
EndProject
Project("{2150E333-8FDC-42A3-9474-1A3956D46DE8}") = "Tests", "Tests", "{BA7B15F4-B694-4A21-9D8E-9128916C6242}"
EndProject
Project("{9A19103F-16F7-4668-BE54-9A1E7A4F7556}") = "FunctionalTests", "Tests\FunctionalTests.csproj", "{143BBFAF-CF69-4D3F-A597-328A327BDC83}"
EndProject
Project("{9A19103F-16F7-4668-BE54-9A1E7A4F7556}") = "Adatper.RabbitMq.EventBus", "RabbitMq\Adatper.RabbitMq.EventBus.csproj", "{5744FD2C-7224-4A12-ACB1-C00EE1B0DF7D}"
EndProject
Project("{2150E333-8FDC-42A3-9474-1A3956D46DE8}") = "EventBus", "EventBus", "{7E28159A-BD62-46D0-8167-81A089544046}"
EndProject
Project("{9A19103F-16F7-4668-BE54-9A1E7A4F7556}") = "Test.Adapter.RabbitMq.EventBus", "Test.RabbitMq.EventBus\Test.Adapter.RabbitMq.EventBus.csproj", "{9237AD4B-4959-4FAF-8CBA-141E4C0E4BEB}"
EndProject
Project("{2150E333-8FDC-42A3-9474-1A3956D46DE8}") = "Repositories", "Repositories", "{94E22CD1-B1B9-44DF-8240-85E518B2CD5B}"
EndProject
Project("{9A19103F-16F7-4668-BE54-9A1E7A4F7556}") = "Adapter.Dapper.AuctionhouseDatabase", "Dapper.AuctionhouseDatabase\Adapter.Dapper.AuctionhouseDatabase.csproj", "{EBDE7CFF-E774-4BFD-B9BD-9C51B0DBA569}"
EndProject
Project("{9A19103F-16F7-4668-BE54-9A1E7A4F7556}") = "Test.Dapper.AuctionhouseDatabase", "Test.Dapper.AuctionhouseDatabase\Test.Dapper.AuctionhouseDatabase.csproj", "{12CB7343-A060-4ADD-B6C4-DAE3347B7743}"
EndProject
Project("{9A19103F-16F7-4668-BE54-9A1E7A4F7556}") = "Test.Auctions.Base", "Test.Auctions.Base\Test.Auctions.Base.csproj", "{6842B227-754B-46CB-A4B3-8E93BE6C0BB5}"
EndProject
Project("{2150E333-8FDC-42A3-9474-1A3956D46DE8}") = "ReadModel", "ReadModel", "{00AB0266-0388-4EC1-BDE5-0EC6206F28E2}"
EndProject
Project("{9A19103F-16F7-4668-BE54-9A1E7A4F7556}") = "ReadModel.Core", "ReadModel.Core\ReadModel.Core.csproj", "{3E25A583-5EB5-4044-A257-CDDB426DD7AF}"
EndProject
Project("{2150E333-8FDC-42A3-9474-1A3956D46DE8}") = "CategoryStore", "CategoryStore", "{B032A588-F375-46B8-8678-994B7EFD0FE1}"
EndProject
Project("{9A19103F-16F7-4668-BE54-9A1E7A4F7556}") = "Adapter.XmlCategoryTreeStore", "Xml.CategoryTreeStore\Adapter.XmlCategoryTreeStore.csproj", "{26446E27-D315-4D68-959F-62A47D3426E1}"
EndProject
Project("{9A19103F-16F7-4668-BE54-9A1E7A4F7556}") = "Test.XmlCategoryTreeStore", "Test.XmlCategoryTreeStore\Test.XmlCategoryTreeStore.csproj", "{EAC2A518-3F82-4B29-A847-A33979A1F6D9}"
EndProject
Project("{2150E333-8FDC-42A3-9474-1A3956D46DE8}") = "Tests", "Tests", "{8DC5F62A-D2B2-4C3A-9483-A65C9EBC8514}"
EndProject
Project("{2150E333-8FDC-42A3-9474-1A3956D46DE8}") = "WebAPI", "WebAPI", "{84D834F3-79C2-4E31-9A71-1917955E6CD7}"
EndProject
Project("{9A19103F-16F7-4668-BE54-9A1E7A4F7556}") = "Auctionhouse.Command", "Auctionhouse.Command\Auctionhouse.Command.csproj", "{449E5642-6615-4514-A421-6966B99FB72B}"
EndProject
Project("{9A19103F-16F7-4668-BE54-9A1E7A4F7556}") = "Auctionhouse.Query", "Auctionhouse.Query\Auctionhouse.Query.csproj", "{155A7768-C318-4AC3-BBFF-EE1724691638}"
EndProject
Project("{2150E333-8FDC-42A3-9474-1A3956D46DE8}") = "AuctionImageRepository", "AuctionImageRepository", "{2250DF43-E387-473E-9AFE-02C347335D32}"
EndProject
Project("{9A19103F-16F7-4668-BE54-9A1E7A4F7556}") = "Adapter.MongoDb.AuctionImageRepository", "Adapter.MongoDb\Adapter.MongoDb.AuctionImageRepository.csproj", "{8E70447F-E471-4033-987D-45BA5734090B}"
EndProject
Project("{9A19103F-16F7-4668-BE54-9A1E7A4F7556}") = "Test.Adapter.MongoDb.AuctionImageRepository", "Test.Adapter.MongoDb\Test.Adapter.MongoDb.AuctionImageRepository.csproj", "{8D2660A3-A9FD-4EB0-9718-3F81A005C404}"
EndProject
Project("{9A19103F-16F7-4668-BE54-9A1E7A4F7556}") = "Adapter.AuctionImageConversion", "Adapter.AuctionImageConversion\Adapter.AuctionImageConversion.csproj", "{79FF3326-A130-4DDD-AAC6-08F0A68EF9C3}"
EndProject
Project("{9A19103F-16F7-4668-BE54-9A1E7A4F7556}") = "Test.Adapter.AuctionImageConversion", "Test.Adapter.AuctionImageConversion\Test.Adapter.AuctionImageConversion.csproj", "{F4496BDD-3F7F-4502-95FB-F6C326F3747D}"
EndProject
Project("{2150E333-8FDC-42A3-9474-1A3956D46DE8}") = "AuctionImageConversion", "AuctionImageConversion", "{E6927AB3-C25B-47DA-BC7E-1921EA46FB40}"
EndProject
Project("{9A19103F-16F7-4668-BE54-9A1E7A4F7556}") = "Test.Arch", "ArchTests\Test.Arch.csproj", "{9C2F00B8-7124-43DE-AE15-44B6E6283B77}"
EndProject
Project("{2150E333-8FDC-42A3-9474-1A3956D46DE8}") = "Tests", "Tests", "{108DCD5F-C97B-44A0-90A4-1AE386A216BB}"
EndProject
Project("{9A19103F-16F7-4668-BE54-9A1E7A4F7556}") = "Test.Auctionhouse.Command.Integration", "Test.Auctionhouse.Command.Integration\Test.Auctionhouse.Command.Integration.csproj", "{2DA24D10-8F4B-413C-AC79-089FF9D301C4}"
EndProject
Project("{9A19103F-16F7-4668-BE54-9A1E7A4F7556}") = "Common.WebAPI", "Common.WebAPI\Common.WebAPI.csproj", "{EC41C59D-A1E6-4458-9FC2-76CAF37D9C16}"
EndProject
Project("{9A19103F-16F7-4668-BE54-9A1E7A4F7556}") = "Test.Auctionhouse.Query.Integration", "Test.Auctionhouse.Query.Integration\Test.Auctionhouse.Query.Integration.csproj", "{5F3DBBAD-5BED-4E1D-9726-F543A5DB26FB}"
EndProject
Project("{9A19103F-16F7-4668-BE54-9A1E7A4F7556}") = "UserPayments.DomainEvents", "UserPayments.DomainEvents\UserPayments.DomainEvents.csproj", "{7C29DBE4-88BA-4252-AE1E-7676F4472D69}"
EndProject
Project("{2150E333-8FDC-42A3-9474-1A3956D46DE8}") = "ReadModelNotifications", "ReadModelNotifications", "{E6CC83ED-4295-4092-8720-5A838CF8E0C5}"
EndProject
Project("{9A19103F-16F7-4668-BE54-9A1E7A4F7556}") = "Adapter.EfCore.ReadModelNotifications", "Adapter.EfCore.SagaEventsConfirmation\Adapter.EfCore.ReadModelNotifications.csproj", "{F058EE29-59E9-40B1-A2E1-05C491B67DB5}"
EndProject
Project("{9A19103F-16F7-4668-BE54-9A1E7A4F7556}") = "Test.Adapter.EfCore.ReadModelNotifications", "Test.Adapter.EfCore.SagaEventsConfirmation\Test.Adapter.EfCore.ReadModelNotifications.csproj", "{F59B28EB-65E7-458C-863A-9F200437D6A7}"
EndProject
Project("{9A19103F-16F7-4668-BE54-9A1E7A4F7556}") = "Auctionhouse.CommandStatus", "Auctionhouse.CommandStatusCheck\Auctionhouse.CommandStatus.csproj", "{68972832-B680-4E1A-AD31-A85289EA4421}"
EndProject
Project("{9A19103F-16F7-4668-BE54-9A1E7A4F7556}") = "Test.Auctionhouse.CommandStatus.Integration", "Test.Auctionhouse.CommandStatus.Integration\Test.Auctionhouse.CommandStatus.Integration.csproj", "{EA58E3C0-5C97-46D9-8AE7-143E28C3AE75}"
EndProject
Project("{9A19103F-16F7-4668-BE54-9A1E7A4F7556}") = "Adapter.EfCore.ReadModelNotifications.SetupTestDb", "SetupTestDb\Adapter.EfCore.ReadModelNotifications.SetupTestDb.csproj", "{C8FECAFC-E541-441B-A19B-991D4959D7F6}"
EndProject
Project("{2150E333-8FDC-42A3-9474-1A3956D46DE8}") = "EventOutboxStorage", "EventOutboxStorage", "{D54B2273-CB0E-46DC-8B5D-B70D72226EDF}"
EndProject
Project("{9A19103F-16F7-4668-BE54-9A1E7A4F7556}") = "Adapter.SqlServer.EventOutboxStorage", "Adapter.SqlServer.EventOutbox\Adapter.SqlServer.EventOutboxStorage.csproj", "{0CE3CE42-E1A0-4804-AF03-D3AD01FFD3EB}"
EndProject
Project("{9A19103F-16F7-4668-BE54-9A1E7A4F7556}") = "Test.Adapter.SqlServer.EventOutbox", "Test.Adapter.SqlServer.EventOutbox\Test.Adapter.SqlServer.EventOutbox.csproj", "{8685B8D1-EB4B-4CA7-8C52-2AE5A2E31F44}"
EndProject
Project("{9A19103F-16F7-4668-BE54-9A1E7A4F7556}") = "Test.Common.Base", "Test.Common.Base\Test.Common.Base.csproj", "{F7CC5BF3-4406-4EF0-B5A1-2070AD4078AE}"
EndProject
Project("{2150E333-8FDC-42A3-9474-1A3956D46DE8}") = "Schedulers", "Schedulers", "{CA1CA04B-8114-43E0-90A7-6A297EF4A77F}"
EndProject
Project("{9A19103F-16F7-4668-BE54-9A1E7A4F7556}") = "Adapter.Hangfire_.Auctionhouse", "Adapter.Hangfire.Auctionhouse\Adapter.Hangfire_.Auctionhouse.csproj", "{E9CA9069-7ADA-400D-97F5-902612935B6E}"
EndProject
Project("{9A19103F-16F7-4668-BE54-9A1E7A4F7556}") = "Test.Adapter.Hangfire.Auctionhouse", "Test.Adapter.Hangfire.Auctionhouse\Test.Adapter.Hangfire.Auctionhouse.csproj", "{451E5D38-F92E-4731-9BFA-08AFE6F70DCA}"
EndProject
Project("{2150E333-8FDC-42A3-9474-1A3956D46DE8}") = "Tests", "Tests", "{260B980C-C261-46ED-8D35-74E7317D95B0}"
EndProject
Project("{9A19103F-16F7-4668-BE54-9A1E7A4F7556}") = "Test.Users.Base", "Test.Users.Base\Test.Users.Base.csproj", "{33584C47-5C14-4D7C-BA13-FEF7F4BA2C0A}"
EndProject
Project("{9A19103F-16F7-4668-BE54-9A1E7A4F7556}") = "Users.DomainEvents", "Users.DomainEvents\Users.DomainEvents.csproj", "{07C3FF8D-2049-4BFF-A3B6-D046CCBB9254}"
EndProject
Project("{2150E333-8FDC-42A3-9474-1A3956D46DE8}") = "Tests", "Tests", "{9B96EB46-E872-42D2-A50A-A361AB976033}"
EndProject
Project("{9A19103F-16F7-4668-BE54-9A1E7A4F7556}") = "Test.ReadModel.Integration", "Test.ReadModel.Integration\Test.ReadModel.Integration.csproj", "{9AACEA59-7E45-4895-B3E2-60324801103C}"
EndProject
Project("{9A19103F-16F7-4668-BE54-9A1E7A4F7556}") = "Test.ReadModel.Base", "Test.ReadModel.Base\Test.ReadModel.Base.csproj", "{8AF275BA-6928-438F-9878-0A6C82B2EEBE}"
EndProject
Project("{2150E333-8FDC-42A3-9474-1A3956D46DE8}") = "CommandDb", "CommandDb", "{EAD12EB0-674E-406A-A468-B96C896145D6}"
EndProject
Project("{2150E333-8FDC-42A3-9474-1A3956D46DE8}") = "Scripts", "Scripts", "{CB7E6391-814A-47C5-A35C-D87E3CD99AD1}"
	ProjectSection(SolutionItems) = preProject
		Add-EventOutboxAdapterScripts.ps1 = Add-EventOutboxAdapterScripts.ps1
		Add-SagaNotificationsScripts.ps1 = Add-SagaNotificationsScripts.ps1
		Append-ScriptsToDatabaseProj.ps1 = Append-ScriptsToDatabaseProj.ps1
		Build-DockerImage.ps1 = Build-DockerImage.ps1
		Build-FromBackupDockerImage.ps1 = Build-FromBackupDockerImage.ps1
		Generate-Compose.ps1 = Generate-Compose.ps1
		Save-BackupFromDockerContainer.ps1 = Save-BackupFromDockerContainer.ps1
	EndProjectSection
EndProject
Project("{9A19103F-16F7-4668-BE54-9A1E7A4F7556}") = "Test.UsersDomain", "Test.UsersDomain\Test.UsersDomain.csproj", "{682C5F13-8901-476A-B0D5-D6E553F8CA23}"
EndProject
Project("{2150E333-8FDC-42A3-9474-1A3956D46DE8}") = "Tests", "Tests", "{8C3CAEA9-939E-4F49-B2E7-5E9DEE5E6429}"
EndProject
Project("{9A19103F-16F7-4668-BE54-9A1E7A4F7556}") = "Test.CategoriesDomain", "Test.CategoriesDomain\Test.CategoriesDomain.csproj", "{23E05036-AFE1-457F-877B-6984393CF5E0}"
EndProject
Project("{2150E333-8FDC-42A3-9474-1A3956D46DE8}") = "Tests", "Tests", "{5C8BFF18-65ED-43A6-8743-000662D95A27}"
EndProject
Project("{2150E333-8FDC-42A3-9474-1A3956D46DE8}") = "Docker", "Docker", "{5FFCFE65-844B-49DF-92BF-56D6A1FD7097}"
	ProjectSection(SolutionItems) = preProject
		AuctionhouseDatabase.Docker\docker_setup.sql = AuctionhouseDatabase.Docker\docker_setup.sql
		AuctionhouseDatabase.Docker\Dockerfile = AuctionhouseDatabase.Docker\Dockerfile
		AuctionhouseDatabase.Docker\entrypoint.sh = AuctionhouseDatabase.Docker\entrypoint.sh
		AuctionhouseDatabase.Docker\frombackup-entrypoint.sh = AuctionhouseDatabase.Docker\frombackup-entrypoint.sh
		AuctionhouseDatabase.Docker\healthcheck.sh = AuctionhouseDatabase.Docker\healthcheck.sh
		AuctionhouseDatabase.Docker\restore-AuctionhouseDatabase.sql = AuctionhouseDatabase.Docker\restore-AuctionhouseDatabase.sql
		AuctionhouseDatabase.Docker\wait-for = AuctionhouseDatabase.Docker\wait-for
	EndProjectSection
EndProject
Project("{9092AA53-FB77-4645-B42D-1CCCA6BD08BD}") = "MongoDb", "MongoDb\MongoDb.njsproj", "{835C31F7-1CA9-490C-86C0-41EEA386D86C}"
EndProject
Project("{2150E333-8FDC-42A3-9474-1A3956D46DE8}") = "AuctionEndScheduler", "AuctionEndScheduler", "{FD995697-1077-45A5-9729-4EEFA17A2DBD}"
EndProject
Project("{9A19103F-16F7-4668-BE54-9A1E7A4F7556}") = "Test.Adapter.QuartzServiceAuctionEndScheduler", "Test.Adapter.QuartzServiceAuctionEndScheduler\Test.Adapter.QuartzServiceAuctionEndScheduler.csproj", "{D84D3ADD-729B-4B77-8C98-519A65DC42BF}"
EndProject
Project("{9A19103F-16F7-4668-BE54-9A1E7A4F7556}") = "MockAuctionEndSchedulerEndpointApp", "MockAuctionEndSchedulerEndpointApp\MockAuctionEndSchedulerEndpointApp.csproj", "{2A34BF67-DACF-4682-9475-695045FAF601}"
EndProject
Project("{2150E333-8FDC-42A3-9474-1A3956D46DE8}") = "DatabaseProject", "DatabaseProject", "{53FD876C-BB2D-4313-A9C0-0B13D9C56EF0}"
EndProject
Project("{2150E333-8FDC-42A3-9474-1A3956D46DE8}") = "IntegrationServices", "IntegrationServices", "{F9610672-19F2-45CD-8C5B-E48E944D3858}"
EndProject
Project("{2150E333-8FDC-42A3-9474-1A3956D46DE8}") = "AuctionPaymentVerification", "AuctionPaymentVerification", "{CEA3D5B6-99BF-4CB1-AA7B-F9F1C6924A16}"
EndProject
Project("{9A19103F-16F7-4668-BE54-9A1E7A4F7556}") = "IntegrationService.AuctionPaymentVerification", "IntegrationService.AuctionPaymentVerification\IntegrationService.AuctionPaymentVerification.csproj", "{BB0F9FDF-9751-4B93-8F50-091D83CAC7B7}"
EndProject
Project("{9A19103F-16F7-4668-BE54-9A1E7A4F7556}") = "Test.UserPaymentsBase", "Test.UserPayments.Base\Test.UserPaymentsBase.csproj", "{F132EF37-BB5F-497F-B7E8-99858BB90E20}"
EndProject
Project("{2150E333-8FDC-42A3-9474-1A3956D46DE8}") = "CategoryNamesToTreeIdsConversion", "CategoryNamesToTreeIdsConversion", "{4EED55A6-C808-4F7F-90C2-AA559E0353D4}"
EndProject
Project("{9A19103F-16F7-4668-BE54-9A1E7A4F7556}") = "IntegrationService.CategoryNamesToTreeIdsConversion", "IntegrationService.CategoryNamesToTreeIdsConversion\IntegrationService.CategoryNamesToTreeIdsConversion.csproj", "{E870F142-D7B8-43A8-B614-3A3751A0C30E}"
EndProject
Project("{2150E333-8FDC-42A3-9474-1A3956D46DE8}") = "container-scripts", "container-scripts", "{30ADC9D6-3AB9-41BC-BF7D-60BAC785D706}"
	ProjectSection(SolutionItems) = preProject
		AuctionhouseDatabase.Docker\container-scripts\listen-on-health-port.sh = AuctionhouseDatabase.Docker\container-scripts\listen-on-health-port.sh
	EndProjectSection
EndProject
Project("{E53339B2-1760-4266-BCC7-CA923CBCF16C}") = "docker-compose", "docker-compose.dcproj", "{BE26E8CD-5DC2-48A5-B97E-5CA3B935FEB3}"
EndProject
Global
	GlobalSection(SolutionConfigurationPlatforms) = preSolution
		Debug|Any CPU = Debug|Any CPU
		Release|Any CPU = Release|Any CPU
	EndGlobalSection
	GlobalSection(ProjectConfigurationPlatforms) = postSolution
		{31D723E0-FB8D-4C1A-8200-68570D4ED3A8}.Debug|Any CPU.ActiveCfg = Debug|Any CPU
		{31D723E0-FB8D-4C1A-8200-68570D4ED3A8}.Debug|Any CPU.Build.0 = Debug|Any CPU
		{31D723E0-FB8D-4C1A-8200-68570D4ED3A8}.Debug|Any CPU.Deploy.0 = Debug|Any CPU
		{31D723E0-FB8D-4C1A-8200-68570D4ED3A8}.Release|Any CPU.ActiveCfg = Release|Any CPU
		{31D723E0-FB8D-4C1A-8200-68570D4ED3A8}.Release|Any CPU.Build.0 = Release|Any CPU
		{31D723E0-FB8D-4C1A-8200-68570D4ED3A8}.Release|Any CPU.Deploy.0 = Release|Any CPU
		{4DD3B832-93FD-4D4B-9CE7-D4AF44D182E3}.Debug|Any CPU.ActiveCfg = Debug|Any CPU
		{4DD3B832-93FD-4D4B-9CE7-D4AF44D182E3}.Debug|Any CPU.Build.0 = Debug|Any CPU
		{4DD3B832-93FD-4D4B-9CE7-D4AF44D182E3}.Debug|Any CPU.Deploy.0 = Debug|Any CPU
		{4DD3B832-93FD-4D4B-9CE7-D4AF44D182E3}.Release|Any CPU.ActiveCfg = Release|Any CPU
		{4DD3B832-93FD-4D4B-9CE7-D4AF44D182E3}.Release|Any CPU.Build.0 = Release|Any CPU
		{4DD3B832-93FD-4D4B-9CE7-D4AF44D182E3}.Release|Any CPU.Deploy.0 = Release|Any CPU
		{F7720E68-77D4-401B-B4C6-348CDC8DFB81}.Debug|Any CPU.ActiveCfg = Debug|Any CPU
		{F7720E68-77D4-401B-B4C6-348CDC8DFB81}.Debug|Any CPU.Build.0 = Debug|Any CPU
		{F7720E68-77D4-401B-B4C6-348CDC8DFB81}.Release|Any CPU.ActiveCfg = Release|Any CPU
		{F7720E68-77D4-401B-B4C6-348CDC8DFB81}.Release|Any CPU.Build.0 = Release|Any CPU
		{0468B76C-CB81-40F0-B979-28A85D0B97D2}.Debug|Any CPU.ActiveCfg = Debug|Any CPU
		{0468B76C-CB81-40F0-B979-28A85D0B97D2}.Debug|Any CPU.Build.0 = Debug|Any CPU
		{0468B76C-CB81-40F0-B979-28A85D0B97D2}.Release|Any CPU.ActiveCfg = Release|Any CPU
		{0468B76C-CB81-40F0-B979-28A85D0B97D2}.Release|Any CPU.Build.0 = Release|Any CPU
		{27B6DF0E-DF3B-4090-B7C8-2900D78ECC8D}.Debug|Any CPU.ActiveCfg = Debug|Any CPU
		{27B6DF0E-DF3B-4090-B7C8-2900D78ECC8D}.Debug|Any CPU.Build.0 = Debug|Any CPU
		{27B6DF0E-DF3B-4090-B7C8-2900D78ECC8D}.Release|Any CPU.ActiveCfg = Release|Any CPU
		{27B6DF0E-DF3B-4090-B7C8-2900D78ECC8D}.Release|Any CPU.Build.0 = Release|Any CPU
		{E4726A92-8E2A-4ED6-92F7-ACF7297946FB}.Debug|Any CPU.ActiveCfg = Debug|Any CPU
		{E4726A92-8E2A-4ED6-92F7-ACF7297946FB}.Debug|Any CPU.Build.0 = Debug|Any CPU
		{E4726A92-8E2A-4ED6-92F7-ACF7297946FB}.Release|Any CPU.ActiveCfg = Release|Any CPU
		{E4726A92-8E2A-4ED6-92F7-ACF7297946FB}.Release|Any CPU.Build.0 = Release|Any CPU
		{7A73B27D-BD46-45E6-88C0-57E7D404C61A}.Debug|Any CPU.ActiveCfg = Debug|Any CPU
		{7A73B27D-BD46-45E6-88C0-57E7D404C61A}.Debug|Any CPU.Build.0 = Debug|Any CPU
		{7A73B27D-BD46-45E6-88C0-57E7D404C61A}.Release|Any CPU.ActiveCfg = Release|Any CPU
		{7A73B27D-BD46-45E6-88C0-57E7D404C61A}.Release|Any CPU.Build.0 = Release|Any CPU
		{5C9FEAB8-6B43-46BC-AFD5-92DC7B527DC5}.Debug|Any CPU.ActiveCfg = Debug|Any CPU
		{5C9FEAB8-6B43-46BC-AFD5-92DC7B527DC5}.Debug|Any CPU.Build.0 = Debug|Any CPU
		{5C9FEAB8-6B43-46BC-AFD5-92DC7B527DC5}.Release|Any CPU.ActiveCfg = Release|Any CPU
		{5C9FEAB8-6B43-46BC-AFD5-92DC7B527DC5}.Release|Any CPU.Build.0 = Release|Any CPU
		{1CB32A4A-ADA3-4303-BEE7-BBD6975569B5}.Debug|Any CPU.ActiveCfg = Debug|Any CPU
		{1CB32A4A-ADA3-4303-BEE7-BBD6975569B5}.Debug|Any CPU.Build.0 = Debug|Any CPU
		{1CB32A4A-ADA3-4303-BEE7-BBD6975569B5}.Release|Any CPU.ActiveCfg = Release|Any CPU
		{1CB32A4A-ADA3-4303-BEE7-BBD6975569B5}.Release|Any CPU.Build.0 = Release|Any CPU
		{E2DD0CC0-A7C7-4081-B4C1-C30F1243C0F1}.Debug|Any CPU.ActiveCfg = Debug|Any CPU
		{E2DD0CC0-A7C7-4081-B4C1-C30F1243C0F1}.Debug|Any CPU.Build.0 = Debug|Any CPU
		{E2DD0CC0-A7C7-4081-B4C1-C30F1243C0F1}.Release|Any CPU.ActiveCfg = Release|Any CPU
		{E2DD0CC0-A7C7-4081-B4C1-C30F1243C0F1}.Release|Any CPU.Build.0 = Release|Any CPU
		{D5F4529A-8809-48F8-9149-25BAF1D0AF42}.Debug|Any CPU.ActiveCfg = Debug|Any CPU
		{D5F4529A-8809-48F8-9149-25BAF1D0AF42}.Debug|Any CPU.Build.0 = Debug|Any CPU
		{D5F4529A-8809-48F8-9149-25BAF1D0AF42}.Release|Any CPU.ActiveCfg = Release|Any CPU
		{D5F4529A-8809-48F8-9149-25BAF1D0AF42}.Release|Any CPU.Build.0 = Release|Any CPU
		{5EE29E8F-C7FE-430F-944E-1DBD210FD494}.Debug|Any CPU.ActiveCfg = Debug|Any CPU
		{5EE29E8F-C7FE-430F-944E-1DBD210FD494}.Debug|Any CPU.Build.0 = Debug|Any CPU
		{5EE29E8F-C7FE-430F-944E-1DBD210FD494}.Release|Any CPU.ActiveCfg = Release|Any CPU
		{5EE29E8F-C7FE-430F-944E-1DBD210FD494}.Release|Any CPU.Build.0 = Release|Any CPU
		{C601EF06-7E1D-41DB-B97F-846265CD097D}.Debug|Any CPU.ActiveCfg = Debug|Any CPU
		{C601EF06-7E1D-41DB-B97F-846265CD097D}.Debug|Any CPU.Build.0 = Debug|Any CPU
		{C601EF06-7E1D-41DB-B97F-846265CD097D}.Release|Any CPU.ActiveCfg = Release|Any CPU
		{C601EF06-7E1D-41DB-B97F-846265CD097D}.Release|Any CPU.Build.0 = Release|Any CPU
		{6B7A042C-590E-43FB-9D57-91FCC2E8CCA4}.Debug|Any CPU.ActiveCfg = Debug|Any CPU
		{6B7A042C-590E-43FB-9D57-91FCC2E8CCA4}.Debug|Any CPU.Build.0 = Debug|Any CPU
		{6B7A042C-590E-43FB-9D57-91FCC2E8CCA4}.Release|Any CPU.ActiveCfg = Release|Any CPU
		{6B7A042C-590E-43FB-9D57-91FCC2E8CCA4}.Release|Any CPU.Build.0 = Release|Any CPU
		{D3BD7480-9F00-4E47-9142-D72BEE426533}.Debug|Any CPU.ActiveCfg = Debug|Any CPU
		{D3BD7480-9F00-4E47-9142-D72BEE426533}.Debug|Any CPU.Build.0 = Debug|Any CPU
		{D3BD7480-9F00-4E47-9142-D72BEE426533}.Release|Any CPU.ActiveCfg = Release|Any CPU
		{D3BD7480-9F00-4E47-9142-D72BEE426533}.Release|Any CPU.Build.0 = Release|Any CPU
		{3462E35B-F8DA-4A77-B592-B21FE8C24F46}.Debug|Any CPU.ActiveCfg = Debug|Any CPU
		{3462E35B-F8DA-4A77-B592-B21FE8C24F46}.Debug|Any CPU.Build.0 = Debug|Any CPU
		{3462E35B-F8DA-4A77-B592-B21FE8C24F46}.Release|Any CPU.ActiveCfg = Release|Any CPU
		{3462E35B-F8DA-4A77-B592-B21FE8C24F46}.Release|Any CPU.Build.0 = Release|Any CPU
		{C0479453-CAB2-4E87-84B7-456B1A190AD2}.Debug|Any CPU.ActiveCfg = Debug|Any CPU
		{C0479453-CAB2-4E87-84B7-456B1A190AD2}.Debug|Any CPU.Build.0 = Debug|Any CPU
		{C0479453-CAB2-4E87-84B7-456B1A190AD2}.Release|Any CPU.ActiveCfg = Release|Any CPU
		{C0479453-CAB2-4E87-84B7-456B1A190AD2}.Release|Any CPU.Build.0 = Release|Any CPU
		{0E78327D-AE10-4765-B3DF-31B1272668C6}.Debug|Any CPU.ActiveCfg = Debug|Any CPU
		{0E78327D-AE10-4765-B3DF-31B1272668C6}.Debug|Any CPU.Build.0 = Debug|Any CPU
		{0E78327D-AE10-4765-B3DF-31B1272668C6}.Release|Any CPU.ActiveCfg = Release|Any CPU
		{0E78327D-AE10-4765-B3DF-31B1272668C6}.Release|Any CPU.Build.0 = Release|Any CPU
		{55EB0490-F686-436A-9B09-6862ABC6BD8E}.Debug|Any CPU.ActiveCfg = Debug|Any CPU
		{55EB0490-F686-436A-9B09-6862ABC6BD8E}.Debug|Any CPU.Build.0 = Debug|Any CPU
		{55EB0490-F686-436A-9B09-6862ABC6BD8E}.Release|Any CPU.ActiveCfg = Release|Any CPU
		{55EB0490-F686-436A-9B09-6862ABC6BD8E}.Release|Any CPU.Build.0 = Release|Any CPU
		{17C3B8A2-8AC3-49CA-8537-CB1A34318BA8}.Debug|Any CPU.ActiveCfg = Debug|Any CPU
		{17C3B8A2-8AC3-49CA-8537-CB1A34318BA8}.Debug|Any CPU.Build.0 = Debug|Any CPU
		{17C3B8A2-8AC3-49CA-8537-CB1A34318BA8}.Release|Any CPU.ActiveCfg = Release|Any CPU
		{17C3B8A2-8AC3-49CA-8537-CB1A34318BA8}.Release|Any CPU.Build.0 = Release|Any CPU
		{4E82E4C2-CA17-48E8-8E16-25281582C906}.Debug|Any CPU.ActiveCfg = Debug|Any CPU
		{4E82E4C2-CA17-48E8-8E16-25281582C906}.Debug|Any CPU.Build.0 = Debug|Any CPU
		{4E82E4C2-CA17-48E8-8E16-25281582C906}.Release|Any CPU.ActiveCfg = Release|Any CPU
		{4E82E4C2-CA17-48E8-8E16-25281582C906}.Release|Any CPU.Build.0 = Release|Any CPU
		{143BBFAF-CF69-4D3F-A597-328A327BDC83}.Debug|Any CPU.ActiveCfg = Debug|Any CPU
		{143BBFAF-CF69-4D3F-A597-328A327BDC83}.Debug|Any CPU.Build.0 = Debug|Any CPU
		{143BBFAF-CF69-4D3F-A597-328A327BDC83}.Release|Any CPU.ActiveCfg = Release|Any CPU
		{143BBFAF-CF69-4D3F-A597-328A327BDC83}.Release|Any CPU.Build.0 = Release|Any CPU
		{5744FD2C-7224-4A12-ACB1-C00EE1B0DF7D}.Debug|Any CPU.ActiveCfg = Debug|Any CPU
		{5744FD2C-7224-4A12-ACB1-C00EE1B0DF7D}.Debug|Any CPU.Build.0 = Debug|Any CPU
		{5744FD2C-7224-4A12-ACB1-C00EE1B0DF7D}.Release|Any CPU.ActiveCfg = Release|Any CPU
		{5744FD2C-7224-4A12-ACB1-C00EE1B0DF7D}.Release|Any CPU.Build.0 = Release|Any CPU
		{9237AD4B-4959-4FAF-8CBA-141E4C0E4BEB}.Debug|Any CPU.ActiveCfg = Debug|Any CPU
		{9237AD4B-4959-4FAF-8CBA-141E4C0E4BEB}.Debug|Any CPU.Build.0 = Debug|Any CPU
		{9237AD4B-4959-4FAF-8CBA-141E4C0E4BEB}.Release|Any CPU.ActiveCfg = Release|Any CPU
		{9237AD4B-4959-4FAF-8CBA-141E4C0E4BEB}.Release|Any CPU.Build.0 = Release|Any CPU
		{EBDE7CFF-E774-4BFD-B9BD-9C51B0DBA569}.Debug|Any CPU.ActiveCfg = Debug|Any CPU
		{EBDE7CFF-E774-4BFD-B9BD-9C51B0DBA569}.Debug|Any CPU.Build.0 = Debug|Any CPU
		{EBDE7CFF-E774-4BFD-B9BD-9C51B0DBA569}.Release|Any CPU.ActiveCfg = Release|Any CPU
		{EBDE7CFF-E774-4BFD-B9BD-9C51B0DBA569}.Release|Any CPU.Build.0 = Release|Any CPU
		{12CB7343-A060-4ADD-B6C4-DAE3347B7743}.Debug|Any CPU.ActiveCfg = Debug|Any CPU
		{12CB7343-A060-4ADD-B6C4-DAE3347B7743}.Debug|Any CPU.Build.0 = Debug|Any CPU
		{12CB7343-A060-4ADD-B6C4-DAE3347B7743}.Release|Any CPU.ActiveCfg = Release|Any CPU
		{12CB7343-A060-4ADD-B6C4-DAE3347B7743}.Release|Any CPU.Build.0 = Release|Any CPU
		{6842B227-754B-46CB-A4B3-8E93BE6C0BB5}.Debug|Any CPU.ActiveCfg = Debug|Any CPU
		{6842B227-754B-46CB-A4B3-8E93BE6C0BB5}.Debug|Any CPU.Build.0 = Debug|Any CPU
		{6842B227-754B-46CB-A4B3-8E93BE6C0BB5}.Release|Any CPU.ActiveCfg = Release|Any CPU
		{6842B227-754B-46CB-A4B3-8E93BE6C0BB5}.Release|Any CPU.Build.0 = Release|Any CPU
		{3E25A583-5EB5-4044-A257-CDDB426DD7AF}.Debug|Any CPU.ActiveCfg = Debug|Any CPU
		{3E25A583-5EB5-4044-A257-CDDB426DD7AF}.Debug|Any CPU.Build.0 = Debug|Any CPU
		{3E25A583-5EB5-4044-A257-CDDB426DD7AF}.Release|Any CPU.ActiveCfg = Release|Any CPU
		{3E25A583-5EB5-4044-A257-CDDB426DD7AF}.Release|Any CPU.Build.0 = Release|Any CPU
		{26446E27-D315-4D68-959F-62A47D3426E1}.Debug|Any CPU.ActiveCfg = Debug|Any CPU
		{26446E27-D315-4D68-959F-62A47D3426E1}.Debug|Any CPU.Build.0 = Debug|Any CPU
		{26446E27-D315-4D68-959F-62A47D3426E1}.Release|Any CPU.ActiveCfg = Release|Any CPU
		{26446E27-D315-4D68-959F-62A47D3426E1}.Release|Any CPU.Build.0 = Release|Any CPU
		{EAC2A518-3F82-4B29-A847-A33979A1F6D9}.Debug|Any CPU.ActiveCfg = Debug|Any CPU
		{EAC2A518-3F82-4B29-A847-A33979A1F6D9}.Debug|Any CPU.Build.0 = Debug|Any CPU
		{EAC2A518-3F82-4B29-A847-A33979A1F6D9}.Release|Any CPU.ActiveCfg = Release|Any CPU
		{EAC2A518-3F82-4B29-A847-A33979A1F6D9}.Release|Any CPU.Build.0 = Release|Any CPU
		{449E5642-6615-4514-A421-6966B99FB72B}.Debug|Any CPU.ActiveCfg = Debug|Any CPU
		{449E5642-6615-4514-A421-6966B99FB72B}.Debug|Any CPU.Build.0 = Debug|Any CPU
		{449E5642-6615-4514-A421-6966B99FB72B}.Release|Any CPU.ActiveCfg = Release|Any CPU
		{449E5642-6615-4514-A421-6966B99FB72B}.Release|Any CPU.Build.0 = Release|Any CPU
		{155A7768-C318-4AC3-BBFF-EE1724691638}.Debug|Any CPU.ActiveCfg = Debug|Any CPU
		{155A7768-C318-4AC3-BBFF-EE1724691638}.Debug|Any CPU.Build.0 = Debug|Any CPU
		{155A7768-C318-4AC3-BBFF-EE1724691638}.Release|Any CPU.ActiveCfg = Release|Any CPU
		{155A7768-C318-4AC3-BBFF-EE1724691638}.Release|Any CPU.Build.0 = Release|Any CPU
		{8E70447F-E471-4033-987D-45BA5734090B}.Debug|Any CPU.ActiveCfg = Debug|Any CPU
		{8E70447F-E471-4033-987D-45BA5734090B}.Debug|Any CPU.Build.0 = Debug|Any CPU
		{8E70447F-E471-4033-987D-45BA5734090B}.Release|Any CPU.ActiveCfg = Release|Any CPU
		{8E70447F-E471-4033-987D-45BA5734090B}.Release|Any CPU.Build.0 = Release|Any CPU
		{8D2660A3-A9FD-4EB0-9718-3F81A005C404}.Debug|Any CPU.ActiveCfg = Debug|Any CPU
		{8D2660A3-A9FD-4EB0-9718-3F81A005C404}.Debug|Any CPU.Build.0 = Debug|Any CPU
		{8D2660A3-A9FD-4EB0-9718-3F81A005C404}.Release|Any CPU.ActiveCfg = Release|Any CPU
		{8D2660A3-A9FD-4EB0-9718-3F81A005C404}.Release|Any CPU.Build.0 = Release|Any CPU
		{79FF3326-A130-4DDD-AAC6-08F0A68EF9C3}.Debug|Any CPU.ActiveCfg = Debug|Any CPU
		{79FF3326-A130-4DDD-AAC6-08F0A68EF9C3}.Debug|Any CPU.Build.0 = Debug|Any CPU
		{79FF3326-A130-4DDD-AAC6-08F0A68EF9C3}.Release|Any CPU.ActiveCfg = Release|Any CPU
		{79FF3326-A130-4DDD-AAC6-08F0A68EF9C3}.Release|Any CPU.Build.0 = Release|Any CPU
		{F4496BDD-3F7F-4502-95FB-F6C326F3747D}.Debug|Any CPU.ActiveCfg = Debug|Any CPU
		{F4496BDD-3F7F-4502-95FB-F6C326F3747D}.Debug|Any CPU.Build.0 = Debug|Any CPU
		{F4496BDD-3F7F-4502-95FB-F6C326F3747D}.Release|Any CPU.ActiveCfg = Release|Any CPU
		{F4496BDD-3F7F-4502-95FB-F6C326F3747D}.Release|Any CPU.Build.0 = Release|Any CPU
		{9C2F00B8-7124-43DE-AE15-44B6E6283B77}.Debug|Any CPU.ActiveCfg = Debug|Any CPU
		{9C2F00B8-7124-43DE-AE15-44B6E6283B77}.Debug|Any CPU.Build.0 = Debug|Any CPU
		{9C2F00B8-7124-43DE-AE15-44B6E6283B77}.Release|Any CPU.ActiveCfg = Release|Any CPU
		{9C2F00B8-7124-43DE-AE15-44B6E6283B77}.Release|Any CPU.Build.0 = Release|Any CPU
		{2DA24D10-8F4B-413C-AC79-089FF9D301C4}.Debug|Any CPU.ActiveCfg = Debug|Any CPU
		{2DA24D10-8F4B-413C-AC79-089FF9D301C4}.Debug|Any CPU.Build.0 = Debug|Any CPU
		{2DA24D10-8F4B-413C-AC79-089FF9D301C4}.Release|Any CPU.ActiveCfg = Release|Any CPU
		{2DA24D10-8F4B-413C-AC79-089FF9D301C4}.Release|Any CPU.Build.0 = Release|Any CPU
		{EC41C59D-A1E6-4458-9FC2-76CAF37D9C16}.Debug|Any CPU.ActiveCfg = Debug|Any CPU
		{EC41C59D-A1E6-4458-9FC2-76CAF37D9C16}.Debug|Any CPU.Build.0 = Debug|Any CPU
		{EC41C59D-A1E6-4458-9FC2-76CAF37D9C16}.Release|Any CPU.ActiveCfg = Release|Any CPU
		{EC41C59D-A1E6-4458-9FC2-76CAF37D9C16}.Release|Any CPU.Build.0 = Release|Any CPU
		{5F3DBBAD-5BED-4E1D-9726-F543A5DB26FB}.Debug|Any CPU.ActiveCfg = Debug|Any CPU
		{5F3DBBAD-5BED-4E1D-9726-F543A5DB26FB}.Debug|Any CPU.Build.0 = Debug|Any CPU
		{5F3DBBAD-5BED-4E1D-9726-F543A5DB26FB}.Release|Any CPU.ActiveCfg = Release|Any CPU
		{5F3DBBAD-5BED-4E1D-9726-F543A5DB26FB}.Release|Any CPU.Build.0 = Release|Any CPU
		{7C29DBE4-88BA-4252-AE1E-7676F4472D69}.Debug|Any CPU.ActiveCfg = Debug|Any CPU
		{7C29DBE4-88BA-4252-AE1E-7676F4472D69}.Debug|Any CPU.Build.0 = Debug|Any CPU
		{7C29DBE4-88BA-4252-AE1E-7676F4472D69}.Release|Any CPU.ActiveCfg = Release|Any CPU
		{7C29DBE4-88BA-4252-AE1E-7676F4472D69}.Release|Any CPU.Build.0 = Release|Any CPU
		{F058EE29-59E9-40B1-A2E1-05C491B67DB5}.Debug|Any CPU.ActiveCfg = Debug|Any CPU
		{F058EE29-59E9-40B1-A2E1-05C491B67DB5}.Debug|Any CPU.Build.0 = Debug|Any CPU
		{F058EE29-59E9-40B1-A2E1-05C491B67DB5}.Release|Any CPU.ActiveCfg = Release|Any CPU
		{F058EE29-59E9-40B1-A2E1-05C491B67DB5}.Release|Any CPU.Build.0 = Release|Any CPU
		{F59B28EB-65E7-458C-863A-9F200437D6A7}.Debug|Any CPU.ActiveCfg = Debug|Any CPU
		{F59B28EB-65E7-458C-863A-9F200437D6A7}.Debug|Any CPU.Build.0 = Debug|Any CPU
		{F59B28EB-65E7-458C-863A-9F200437D6A7}.Release|Any CPU.ActiveCfg = Release|Any CPU
		{F59B28EB-65E7-458C-863A-9F200437D6A7}.Release|Any CPU.Build.0 = Release|Any CPU
		{68972832-B680-4E1A-AD31-A85289EA4421}.Debug|Any CPU.ActiveCfg = Debug|Any CPU
		{68972832-B680-4E1A-AD31-A85289EA4421}.Debug|Any CPU.Build.0 = Debug|Any CPU
		{68972832-B680-4E1A-AD31-A85289EA4421}.Release|Any CPU.ActiveCfg = Release|Any CPU
		{68972832-B680-4E1A-AD31-A85289EA4421}.Release|Any CPU.Build.0 = Release|Any CPU
		{EA58E3C0-5C97-46D9-8AE7-143E28C3AE75}.Debug|Any CPU.ActiveCfg = Debug|Any CPU
		{EA58E3C0-5C97-46D9-8AE7-143E28C3AE75}.Debug|Any CPU.Build.0 = Debug|Any CPU
		{EA58E3C0-5C97-46D9-8AE7-143E28C3AE75}.Release|Any CPU.ActiveCfg = Release|Any CPU
		{EA58E3C0-5C97-46D9-8AE7-143E28C3AE75}.Release|Any CPU.Build.0 = Release|Any CPU
		{C8FECAFC-E541-441B-A19B-991D4959D7F6}.Debug|Any CPU.ActiveCfg = Debug|Any CPU
		{C8FECAFC-E541-441B-A19B-991D4959D7F6}.Debug|Any CPU.Build.0 = Debug|Any CPU
		{C8FECAFC-E541-441B-A19B-991D4959D7F6}.Release|Any CPU.ActiveCfg = Release|Any CPU
		{C8FECAFC-E541-441B-A19B-991D4959D7F6}.Release|Any CPU.Build.0 = Release|Any CPU
		{0CE3CE42-E1A0-4804-AF03-D3AD01FFD3EB}.Debug|Any CPU.ActiveCfg = Debug|Any CPU
		{0CE3CE42-E1A0-4804-AF03-D3AD01FFD3EB}.Debug|Any CPU.Build.0 = Debug|Any CPU
		{0CE3CE42-E1A0-4804-AF03-D3AD01FFD3EB}.Release|Any CPU.ActiveCfg = Release|Any CPU
		{0CE3CE42-E1A0-4804-AF03-D3AD01FFD3EB}.Release|Any CPU.Build.0 = Release|Any CPU
		{8685B8D1-EB4B-4CA7-8C52-2AE5A2E31F44}.Debug|Any CPU.ActiveCfg = Debug|Any CPU
		{8685B8D1-EB4B-4CA7-8C52-2AE5A2E31F44}.Debug|Any CPU.Build.0 = Debug|Any CPU
		{8685B8D1-EB4B-4CA7-8C52-2AE5A2E31F44}.Release|Any CPU.ActiveCfg = Release|Any CPU
		{8685B8D1-EB4B-4CA7-8C52-2AE5A2E31F44}.Release|Any CPU.Build.0 = Release|Any CPU
		{F7CC5BF3-4406-4EF0-B5A1-2070AD4078AE}.Debug|Any CPU.ActiveCfg = Debug|Any CPU
		{F7CC5BF3-4406-4EF0-B5A1-2070AD4078AE}.Debug|Any CPU.Build.0 = Debug|Any CPU
		{F7CC5BF3-4406-4EF0-B5A1-2070AD4078AE}.Release|Any CPU.ActiveCfg = Release|Any CPU
		{F7CC5BF3-4406-4EF0-B5A1-2070AD4078AE}.Release|Any CPU.Build.0 = Release|Any CPU
		{E9CA9069-7ADA-400D-97F5-902612935B6E}.Debug|Any CPU.ActiveCfg = Debug|Any CPU
		{E9CA9069-7ADA-400D-97F5-902612935B6E}.Debug|Any CPU.Build.0 = Debug|Any CPU
		{E9CA9069-7ADA-400D-97F5-902612935B6E}.Release|Any CPU.ActiveCfg = Release|Any CPU
		{E9CA9069-7ADA-400D-97F5-902612935B6E}.Release|Any CPU.Build.0 = Release|Any CPU
		{451E5D38-F92E-4731-9BFA-08AFE6F70DCA}.Debug|Any CPU.ActiveCfg = Debug|Any CPU
		{451E5D38-F92E-4731-9BFA-08AFE6F70DCA}.Debug|Any CPU.Build.0 = Debug|Any CPU
		{451E5D38-F92E-4731-9BFA-08AFE6F70DCA}.Release|Any CPU.ActiveCfg = Release|Any CPU
		{451E5D38-F92E-4731-9BFA-08AFE6F70DCA}.Release|Any CPU.Build.0 = Release|Any CPU
		{33584C47-5C14-4D7C-BA13-FEF7F4BA2C0A}.Debug|Any CPU.ActiveCfg = Debug|Any CPU
		{33584C47-5C14-4D7C-BA13-FEF7F4BA2C0A}.Debug|Any CPU.Build.0 = Debug|Any CPU
		{33584C47-5C14-4D7C-BA13-FEF7F4BA2C0A}.Release|Any CPU.ActiveCfg = Release|Any CPU
		{33584C47-5C14-4D7C-BA13-FEF7F4BA2C0A}.Release|Any CPU.Build.0 = Release|Any CPU
		{07C3FF8D-2049-4BFF-A3B6-D046CCBB9254}.Debug|Any CPU.ActiveCfg = Debug|Any CPU
		{07C3FF8D-2049-4BFF-A3B6-D046CCBB9254}.Debug|Any CPU.Build.0 = Debug|Any CPU
		{07C3FF8D-2049-4BFF-A3B6-D046CCBB9254}.Release|Any CPU.ActiveCfg = Release|Any CPU
		{07C3FF8D-2049-4BFF-A3B6-D046CCBB9254}.Release|Any CPU.Build.0 = Release|Any CPU
		{9AACEA59-7E45-4895-B3E2-60324801103C}.Debug|Any CPU.ActiveCfg = Debug|Any CPU
		{9AACEA59-7E45-4895-B3E2-60324801103C}.Debug|Any CPU.Build.0 = Debug|Any CPU
		{9AACEA59-7E45-4895-B3E2-60324801103C}.Release|Any CPU.ActiveCfg = Release|Any CPU
		{9AACEA59-7E45-4895-B3E2-60324801103C}.Release|Any CPU.Build.0 = Release|Any CPU
		{8AF275BA-6928-438F-9878-0A6C82B2EEBE}.Debug|Any CPU.ActiveCfg = Debug|Any CPU
		{8AF275BA-6928-438F-9878-0A6C82B2EEBE}.Debug|Any CPU.Build.0 = Debug|Any CPU
		{8AF275BA-6928-438F-9878-0A6C82B2EEBE}.Release|Any CPU.ActiveCfg = Release|Any CPU
		{8AF275BA-6928-438F-9878-0A6C82B2EEBE}.Release|Any CPU.Build.0 = Release|Any CPU
		{682C5F13-8901-476A-B0D5-D6E553F8CA23}.Debug|Any CPU.ActiveCfg = Debug|Any CPU
		{682C5F13-8901-476A-B0D5-D6E553F8CA23}.Debug|Any CPU.Build.0 = Debug|Any CPU
		{682C5F13-8901-476A-B0D5-D6E553F8CA23}.Release|Any CPU.ActiveCfg = Release|Any CPU
		{682C5F13-8901-476A-B0D5-D6E553F8CA23}.Release|Any CPU.Build.0 = Release|Any CPU
		{23E05036-AFE1-457F-877B-6984393CF5E0}.Debug|Any CPU.ActiveCfg = Debug|Any CPU
		{23E05036-AFE1-457F-877B-6984393CF5E0}.Debug|Any CPU.Build.0 = Debug|Any CPU
		{23E05036-AFE1-457F-877B-6984393CF5E0}.Release|Any CPU.ActiveCfg = Release|Any CPU
		{23E05036-AFE1-457F-877B-6984393CF5E0}.Release|Any CPU.Build.0 = Release|Any CPU
		{835C31F7-1CA9-490C-86C0-41EEA386D86C}.Debug|Any CPU.ActiveCfg = Debug|Any CPU
		{835C31F7-1CA9-490C-86C0-41EEA386D86C}.Debug|Any CPU.Build.0 = Debug|Any CPU
		{835C31F7-1CA9-490C-86C0-41EEA386D86C}.Release|Any CPU.ActiveCfg = Release|Any CPU
		{835C31F7-1CA9-490C-86C0-41EEA386D86C}.Release|Any CPU.Build.0 = Release|Any CPU
		{D84D3ADD-729B-4B77-8C98-519A65DC42BF}.Debug|Any CPU.ActiveCfg = Debug|Any CPU
		{D84D3ADD-729B-4B77-8C98-519A65DC42BF}.Debug|Any CPU.Build.0 = Debug|Any CPU
		{D84D3ADD-729B-4B77-8C98-519A65DC42BF}.Release|Any CPU.ActiveCfg = Release|Any CPU
		{D84D3ADD-729B-4B77-8C98-519A65DC42BF}.Release|Any CPU.Build.0 = Release|Any CPU
		{2A34BF67-DACF-4682-9475-695045FAF601}.Debug|Any CPU.ActiveCfg = Debug|Any CPU
		{2A34BF67-DACF-4682-9475-695045FAF601}.Debug|Any CPU.Build.0 = Debug|Any CPU
		{2A34BF67-DACF-4682-9475-695045FAF601}.Release|Any CPU.ActiveCfg = Release|Any CPU
		{2A34BF67-DACF-4682-9475-695045FAF601}.Release|Any CPU.Build.0 = Release|Any CPU
		{BB0F9FDF-9751-4B93-8F50-091D83CAC7B7}.Debug|Any CPU.ActiveCfg = Debug|Any CPU
		{BB0F9FDF-9751-4B93-8F50-091D83CAC7B7}.Debug|Any CPU.Build.0 = Debug|Any CPU
		{BB0F9FDF-9751-4B93-8F50-091D83CAC7B7}.Release|Any CPU.ActiveCfg = Release|Any CPU
		{BB0F9FDF-9751-4B93-8F50-091D83CAC7B7}.Release|Any CPU.Build.0 = Release|Any CPU
		{F132EF37-BB5F-497F-B7E8-99858BB90E20}.Debug|Any CPU.ActiveCfg = Debug|Any CPU
		{F132EF37-BB5F-497F-B7E8-99858BB90E20}.Debug|Any CPU.Build.0 = Debug|Any CPU
		{F132EF37-BB5F-497F-B7E8-99858BB90E20}.Release|Any CPU.ActiveCfg = Release|Any CPU
		{F132EF37-BB5F-497F-B7E8-99858BB90E20}.Release|Any CPU.Build.0 = Release|Any CPU
		{E870F142-D7B8-43A8-B614-3A3751A0C30E}.Debug|Any CPU.ActiveCfg = Debug|Any CPU
		{E870F142-D7B8-43A8-B614-3A3751A0C30E}.Debug|Any CPU.Build.0 = Debug|Any CPU
		{E870F142-D7B8-43A8-B614-3A3751A0C30E}.Release|Any CPU.ActiveCfg = Release|Any CPU
		{E870F142-D7B8-43A8-B614-3A3751A0C30E}.Release|Any CPU.Build.0 = Release|Any CPU
		{BE26E8CD-5DC2-48A5-B97E-5CA3B935FEB3}.Debug|Any CPU.ActiveCfg = Debug|Any CPU
		{BE26E8CD-5DC2-48A5-B97E-5CA3B935FEB3}.Debug|Any CPU.Build.0 = Debug|Any CPU
		{BE26E8CD-5DC2-48A5-B97E-5CA3B935FEB3}.Release|Any CPU.ActiveCfg = Release|Any CPU
		{BE26E8CD-5DC2-48A5-B97E-5CA3B935FEB3}.Release|Any CPU.Build.0 = Release|Any CPU
	EndGlobalSection
	GlobalSection(SolutionProperties) = preSolution
		HideSolutionNode = FALSE
	EndGlobalSection
	GlobalSection(NestedProjects) = preSolution
		{31D723E0-FB8D-4C1A-8200-68570D4ED3A8} = {53FD876C-BB2D-4313-A9C0-0B13D9C56EF0}
		{4DD3B832-93FD-4D4B-9CE7-D4AF44D182E3} = {53FD876C-BB2D-4313-A9C0-0B13D9C56EF0}
		{F7720E68-77D4-401B-B4C6-348CDC8DFB81} = {9D788C3F-96DA-46AE-B5EB-02D4346DDF2C}
		{0468B76C-CB81-40F0-B979-28A85D0B97D2} = {BA7B15F4-B694-4A21-9D8E-9128916C6242}
		{27B6DF0E-DF3B-4090-B7C8-2900D78ECC8D} = {8DC5F62A-D2B2-4C3A-9483-A65C9EBC8514}
		{E4726A92-8E2A-4ED6-92F7-ACF7297946FB} = {042D36E8-EBEF-43FB-8B69-BF1169CCC1B3}
		{7A73B27D-BD46-45E6-88C0-57E7D404C61A} = {725AE30B-E139-4A1B-912D-E463DC4C6CE7}
		{5C9FEAB8-6B43-46BC-AFD5-92DC7B527DC5} = {FC0CD23E-9DC9-4BA7-98B1-79C3FCC63FDF}
		{1CB32A4A-ADA3-4303-BEE7-BBD6975569B5} = {FBCD4725-8EA6-45ED-80DC-EA06CD47027C}
		{E2DD0CC0-A7C7-4081-B4C1-C30F1243C0F1} = {A82DE09D-91E6-4C6A-9341-F6ADE7800B7C}
		{D5F4529A-8809-48F8-9149-25BAF1D0AF42} = {171D635D-FE40-4BCF-B615-E372E96693F2}
		{171D635D-FE40-4BCF-B615-E372E96693F2} = {5F256B4F-B266-4FC7-AD43-28544B7AC3C6}
		{725AE30B-E139-4A1B-912D-E463DC4C6CE7} = {5F256B4F-B266-4FC7-AD43-28544B7AC3C6}
		{FC0CD23E-9DC9-4BA7-98B1-79C3FCC63FDF} = {5F256B4F-B266-4FC7-AD43-28544B7AC3C6}
		{FBCD4725-8EA6-45ED-80DC-EA06CD47027C} = {5F256B4F-B266-4FC7-AD43-28544B7AC3C6}
		{A82DE09D-91E6-4C6A-9341-F6ADE7800B7C} = {5F256B4F-B266-4FC7-AD43-28544B7AC3C6}
		{5EE29E8F-C7FE-430F-944E-1DBD210FD494} = {FD995697-1077-45A5-9729-4EEFA17A2DBD}
		{C601EF06-7E1D-41DB-B97F-846265CD097D} = {725AE30B-E139-4A1B-912D-E463DC4C6CE7}
		{9D788C3F-96DA-46AE-B5EB-02D4346DDF2C} = {5F256B4F-B266-4FC7-AD43-28544B7AC3C6}
		{6B7A042C-590E-43FB-9D57-91FCC2E8CCA4} = {9D788C3F-96DA-46AE-B5EB-02D4346DDF2C}
		{D3BD7480-9F00-4E47-9142-D72BEE426533} = {725AE30B-E139-4A1B-912D-E463DC4C6CE7}
		{3462E35B-F8DA-4A77-B592-B21FE8C24F46} = {171D635D-FE40-4BCF-B615-E372E96693F2}
		{C0479453-CAB2-4E87-84B7-456B1A190AD2} = {FC0CD23E-9DC9-4BA7-98B1-79C3FCC63FDF}
		{0E78327D-AE10-4765-B3DF-31B1272668C6} = {A82DE09D-91E6-4C6A-9341-F6ADE7800B7C}
		{55EB0490-F686-436A-9B09-6862ABC6BD8E} = {8461F559-5101-4F0D-8E98-E1CFAEFA802C}
		{17C3B8A2-8AC3-49CA-8537-CB1A34318BA8} = {042D36E8-EBEF-43FB-8B69-BF1169CCC1B3}
		{042D36E8-EBEF-43FB-8B69-BF1169CCC1B3} = {725AE30B-E139-4A1B-912D-E463DC4C6CE7}
		{8461F559-5101-4F0D-8E98-E1CFAEFA802C} = {9D788C3F-96DA-46AE-B5EB-02D4346DDF2C}
		{4E82E4C2-CA17-48E8-8E16-25281582C906} = {FC0CD23E-9DC9-4BA7-98B1-79C3FCC63FDF}
		{BA7B15F4-B694-4A21-9D8E-9128916C6242} = {FC0CD23E-9DC9-4BA7-98B1-79C3FCC63FDF}
		{143BBFAF-CF69-4D3F-A597-328A327BDC83} = {5C8BFF18-65ED-43A6-8743-000662D95A27}
		{5744FD2C-7224-4A12-ACB1-C00EE1B0DF7D} = {7E28159A-BD62-46D0-8167-81A089544046}
		{7E28159A-BD62-46D0-8167-81A089544046} = {2C7F9FB2-0106-45A8-8185-8B58DF359DE2}
		{9237AD4B-4959-4FAF-8CBA-141E4C0E4BEB} = {7E28159A-BD62-46D0-8167-81A089544046}
		{94E22CD1-B1B9-44DF-8240-85E518B2CD5B} = {EAD12EB0-674E-406A-A468-B96C896145D6}
		{EBDE7CFF-E774-4BFD-B9BD-9C51B0DBA569} = {94E22CD1-B1B9-44DF-8240-85E518B2CD5B}
		{12CB7343-A060-4ADD-B6C4-DAE3347B7743} = {94E22CD1-B1B9-44DF-8240-85E518B2CD5B}
		{6842B227-754B-46CB-A4B3-8E93BE6C0BB5} = {042D36E8-EBEF-43FB-8B69-BF1169CCC1B3}
		{00AB0266-0388-4EC1-BDE5-0EC6206F28E2} = {5F256B4F-B266-4FC7-AD43-28544B7AC3C6}
		{3E25A583-5EB5-4044-A257-CDDB426DD7AF} = {00AB0266-0388-4EC1-BDE5-0EC6206F28E2}
		{B032A588-F375-46B8-8678-994B7EFD0FE1} = {2C7F9FB2-0106-45A8-8185-8B58DF359DE2}
		{26446E27-D315-4D68-959F-62A47D3426E1} = {B032A588-F375-46B8-8678-994B7EFD0FE1}
		{EAC2A518-3F82-4B29-A847-A33979A1F6D9} = {B032A588-F375-46B8-8678-994B7EFD0FE1}
		{8DC5F62A-D2B2-4C3A-9483-A65C9EBC8514} = {A82DE09D-91E6-4C6A-9341-F6ADE7800B7C}
		{449E5642-6615-4514-A421-6966B99FB72B} = {84D834F3-79C2-4E31-9A71-1917955E6CD7}
		{155A7768-C318-4AC3-BBFF-EE1724691638} = {84D834F3-79C2-4E31-9A71-1917955E6CD7}
		{2250DF43-E387-473E-9AFE-02C347335D32} = {2C7F9FB2-0106-45A8-8185-8B58DF359DE2}
		{8E70447F-E471-4033-987D-45BA5734090B} = {2250DF43-E387-473E-9AFE-02C347335D32}
		{8D2660A3-A9FD-4EB0-9718-3F81A005C404} = {2250DF43-E387-473E-9AFE-02C347335D32}
		{79FF3326-A130-4DDD-AAC6-08F0A68EF9C3} = {E6927AB3-C25B-47DA-BC7E-1921EA46FB40}
		{F4496BDD-3F7F-4502-95FB-F6C326F3747D} = {E6927AB3-C25B-47DA-BC7E-1921EA46FB40}
		{E6927AB3-C25B-47DA-BC7E-1921EA46FB40} = {2C7F9FB2-0106-45A8-8185-8B58DF359DE2}
		{9C2F00B8-7124-43DE-AE15-44B6E6283B77} = {5C8BFF18-65ED-43A6-8743-000662D95A27}
		{108DCD5F-C97B-44A0-90A4-1AE386A216BB} = {84D834F3-79C2-4E31-9A71-1917955E6CD7}
		{2DA24D10-8F4B-413C-AC79-089FF9D301C4} = {108DCD5F-C97B-44A0-90A4-1AE386A216BB}
		{EC41C59D-A1E6-4458-9FC2-76CAF37D9C16} = {84D834F3-79C2-4E31-9A71-1917955E6CD7}
		{5F3DBBAD-5BED-4E1D-9726-F543A5DB26FB} = {108DCD5F-C97B-44A0-90A4-1AE386A216BB}
		{7C29DBE4-88BA-4252-AE1E-7676F4472D69} = {A82DE09D-91E6-4C6A-9341-F6ADE7800B7C}
		{E6CC83ED-4295-4092-8720-5A838CF8E0C5} = {2C7F9FB2-0106-45A8-8185-8B58DF359DE2}
		{F058EE29-59E9-40B1-A2E1-05C491B67DB5} = {E6CC83ED-4295-4092-8720-5A838CF8E0C5}
		{F59B28EB-65E7-458C-863A-9F200437D6A7} = {E6CC83ED-4295-4092-8720-5A838CF8E0C5}
		{68972832-B680-4E1A-AD31-A85289EA4421} = {84D834F3-79C2-4E31-9A71-1917955E6CD7}
		{EA58E3C0-5C97-46D9-8AE7-143E28C3AE75} = {108DCD5F-C97B-44A0-90A4-1AE386A216BB}
		{C8FECAFC-E541-441B-A19B-991D4959D7F6} = {E6CC83ED-4295-4092-8720-5A838CF8E0C5}
		{D54B2273-CB0E-46DC-8B5D-B70D72226EDF} = {2C7F9FB2-0106-45A8-8185-8B58DF359DE2}
		{0CE3CE42-E1A0-4804-AF03-D3AD01FFD3EB} = {D54B2273-CB0E-46DC-8B5D-B70D72226EDF}
		{8685B8D1-EB4B-4CA7-8C52-2AE5A2E31F44} = {D54B2273-CB0E-46DC-8B5D-B70D72226EDF}
		{F7CC5BF3-4406-4EF0-B5A1-2070AD4078AE} = {8461F559-5101-4F0D-8E98-E1CFAEFA802C}
		{CA1CA04B-8114-43E0-90A7-6A297EF4A77F} = {2C7F9FB2-0106-45A8-8185-8B58DF359DE2}
		{E9CA9069-7ADA-400D-97F5-902612935B6E} = {CA1CA04B-8114-43E0-90A7-6A297EF4A77F}
		{451E5D38-F92E-4731-9BFA-08AFE6F70DCA} = {CA1CA04B-8114-43E0-90A7-6A297EF4A77F}
		{260B980C-C261-46ED-8D35-74E7317D95B0} = {171D635D-FE40-4BCF-B615-E372E96693F2}
		{33584C47-5C14-4D7C-BA13-FEF7F4BA2C0A} = {260B980C-C261-46ED-8D35-74E7317D95B0}
		{07C3FF8D-2049-4BFF-A3B6-D046CCBB9254} = {171D635D-FE40-4BCF-B615-E372E96693F2}
		{9B96EB46-E872-42D2-A50A-A361AB976033} = {00AB0266-0388-4EC1-BDE5-0EC6206F28E2}
		{9AACEA59-7E45-4895-B3E2-60324801103C} = {9B96EB46-E872-42D2-A50A-A361AB976033}
		{8AF275BA-6928-438F-9878-0A6C82B2EEBE} = {9B96EB46-E872-42D2-A50A-A361AB976033}
		{EAD12EB0-674E-406A-A468-B96C896145D6} = {2C7F9FB2-0106-45A8-8185-8B58DF359DE2}
		{CB7E6391-814A-47C5-A35C-D87E3CD99AD1} = {53FD876C-BB2D-4313-A9C0-0B13D9C56EF0}
		{682C5F13-8901-476A-B0D5-D6E553F8CA23} = {260B980C-C261-46ED-8D35-74E7317D95B0}
		{8C3CAEA9-939E-4F49-B2E7-5E9DEE5E6429} = {FBCD4725-8EA6-45ED-80DC-EA06CD47027C}
		{23E05036-AFE1-457F-877B-6984393CF5E0} = {8C3CAEA9-939E-4F49-B2E7-5E9DEE5E6429}
		{5FFCFE65-844B-49DF-92BF-56D6A1FD7097} = {53FD876C-BB2D-4313-A9C0-0B13D9C56EF0}
		{835C31F7-1CA9-490C-86C0-41EEA386D86C} = {00AB0266-0388-4EC1-BDE5-0EC6206F28E2}
		{FD995697-1077-45A5-9729-4EEFA17A2DBD} = {CA1CA04B-8114-43E0-90A7-6A297EF4A77F}
		{D84D3ADD-729B-4B77-8C98-519A65DC42BF} = {FD995697-1077-45A5-9729-4EEFA17A2DBD}
		{2A34BF67-DACF-4682-9475-695045FAF601} = {FD995697-1077-45A5-9729-4EEFA17A2DBD}
		{53FD876C-BB2D-4313-A9C0-0B13D9C56EF0} = {EAD12EB0-674E-406A-A468-B96C896145D6}
		{CEA3D5B6-99BF-4CB1-AA7B-F9F1C6924A16} = {F9610672-19F2-45CD-8C5B-E48E944D3858}
		{BB0F9FDF-9751-4B93-8F50-091D83CAC7B7} = {CEA3D5B6-99BF-4CB1-AA7B-F9F1C6924A16}
		{F132EF37-BB5F-497F-B7E8-99858BB90E20} = {8DC5F62A-D2B2-4C3A-9483-A65C9EBC8514}
		{4EED55A6-C808-4F7F-90C2-AA559E0353D4} = {F9610672-19F2-45CD-8C5B-E48E944D3858}
		{E870F142-D7B8-43A8-B614-3A3751A0C30E} = {4EED55A6-C808-4F7F-90C2-AA559E0353D4}
		{30ADC9D6-3AB9-41BC-BF7D-60BAC785D706} = {5FFCFE65-844B-49DF-92BF-56D6A1FD7097}
	EndGlobalSection
	GlobalSection(ExtensibilityGlobals) = postSolution
		SolutionGuid = {F4E77E2A-13ED-428A-962C-F0BDF00E9A14}
	EndGlobalSection
EndGlobal
